
Microsoft Visual Studio Solution File, Format Version 12.00
# Visual Studio Version 16
VisualStudioVersion = 16.0.29911.98
MinimumVisualStudioVersion = 10.0.40219.1
Project("{9A19103F-16F7-4668-BE54-9A1E7A4F7556}") = "DBCLite", "DBCLite\DBCLite.csproj", "{CF778FC1-7B2D-4781-90CD-739344C2391A}"
EndProject
Project("{2150E333-8FDC-42A3-9474-1A3956D46DE8}") = "Solution Items", "Solution Items", "{43FB4410-5AAE-44D9-B215-1FA0B86D299E}"
	ProjectSection(SolutionItems) = preProject
		.editorconfig = .editorconfig
		.gitattributes = .gitattributes
		.gitignore = .gitignore
		DBCLite.sln.licenseheader = DBCLite.sln.licenseheader
		LICENSE.md = LICENSE.md
		README.md = README.md
	EndProjectSection
EndProject
Project("{9A19103F-16F7-4668-BE54-9A1E7A4F7556}") = "DBCLite.PostgreSQL", "DBCLite.PostgreSQL\DBCLite.PostgreSQL.csproj", "{A14C5117-8302-448C-BC2D-69D7C68186BC}"
EndProject
Project("{9A19103F-16F7-4668-BE54-9A1E7A4F7556}") = "DBCLite.SQLServer", "DBCLite.SQLServer\DBCLite.SQLServer.csproj", "{648960A7-EF34-4713-A667-3280F8A9A51D}"
EndProject
Global
	GlobalSection(SolutionConfigurationPlatforms) = preSolution
		Debug|Any CPU = Debug|Any CPU
		Release|Any CPU = Release|Any CPU
	EndGlobalSection
	GlobalSection(ProjectConfigurationPlatforms) = postSolution
		{CF778FC1-7B2D-4781-90CD-739344C2391A}.Debug|Any CPU.ActiveCfg = Debug|Any CPU
		{CF778FC1-7B2D-4781-90CD-739344C2391A}.Debug|Any CPU.Build.0 = Debug|Any CPU
		{CF778FC1-7B2D-4781-90CD-739344C2391A}.Release|Any CPU.ActiveCfg = Release|Any CPU
		{CF778FC1-7B2D-4781-90CD-739344C2391A}.Release|Any CPU.Build.0 = Release|Any CPU
		{A14C5117-8302-448C-BC2D-69D7C68186BC}.Debug|Any CPU.ActiveCfg = Debug|Any CPU
		{A14C5117-8302-448C-BC2D-69D7C68186BC}.Debug|Any CPU.Build.0 = Debug|Any CPU
		{A14C5117-8302-448C-BC2D-69D7C68186BC}.Release|Any CPU.ActiveCfg = Release|Any CPU
		{A14C5117-8302-448C-BC2D-69D7C68186BC}.Release|Any CPU.Build.0 = Release|Any CPU
		{648960A7-EF34-4713-A667-3280F8A9A51D}.Debug|Any CPU.ActiveCfg = Debug|Any CPU
		{648960A7-EF34-4713-A667-3280F8A9A51D}.Debug|Any CPU.Build.0 = Debug|Any CPU
		{648960A7-EF34-4713-A667-3280F8A9A51D}.Release|Any CPU.ActiveCfg = Release|Any CPU
		{648960A7-EF34-4713-A667-3280F8A9A51D}.Release|Any CPU.Build.0 = Release|Any CPU
	EndGlobalSection
	GlobalSection(SolutionProperties) = preSolution
		HideSolutionNode = FALSE
	EndGlobalSection
	GlobalSection(ExtensibilityGlobals) = postSolution
		SolutionGuid = {B922CACA-C938-4DBA-8A54-05775ABCADDC}
	EndGlobalSection
EndGlobal
